
Microsoft Visual Studio Solution File, Format Version 12.00
# Visual Studio Version 17
VisualStudioVersion = 17.6.33723.286
MinimumVisualStudioVersion = 10.0.40219.1
Project("{FAE04EC0-301F-11D3-BF4B-00C04F79EFBC}") = "StudentResourceManagement", "StudentResourceManagement\StudentResourceManagement.csproj", "{FD18D24B-D248-4F60-9DC2-9581E5AC7C8B}"
EndProject
Project("{FAE04EC0-301F-11D3-BF4B-00C04F79EFBC}") = "SRM.Models", "SRM.Models\SRM.Models.csproj", "{125F6D72-0725-46CC-9F31-33725633D8C4}"
EndProject
Project("{FAE04EC0-301F-11D3-BF4B-00C04F79EFBC}") = "SRM.DataAccess", "SRM.DataAccess\SRM.DataAccess.csproj", "{090E3B3E-D4CD-43FA-A94F-68D46C061E81}"
EndProject
Project("{FAE04EC0-301F-11D3-BF4B-00C04F79EFBC}") = "SRM.Utilities", "SRM.Utilities\SRM.Utilities.csproj", "{7A3D85BF-2EF5-4552-ADB7-5838C591A593}"
EndProject
Global
	GlobalSection(SolutionConfigurationPlatforms) = preSolution
		Debug|Any CPU = Debug|Any CPU
		Release|Any CPU = Release|Any CPU
	EndGlobalSection
	GlobalSection(ProjectConfigurationPlatforms) = postSolution
		{FD18D24B-D248-4F60-9DC2-9581E5AC7C8B}.Debug|Any CPU.ActiveCfg = Debug|Any CPU
		{FD18D24B-D248-4F60-9DC2-9581E5AC7C8B}.Debug|Any CPU.Build.0 = Debug|Any CPU
		{FD18D24B-D248-4F60-9DC2-9581E5AC7C8B}.Release|Any CPU.ActiveCfg = Release|Any CPU
		{FD18D24B-D248-4F60-9DC2-9581E5AC7C8B}.Release|Any CPU.Build.0 = Release|Any CPU
		{125F6D72-0725-46CC-9F31-33725633D8C4}.Debug|Any CPU.ActiveCfg = Debug|Any CPU
		{125F6D72-0725-46CC-9F31-33725633D8C4}.Debug|Any CPU.Build.0 = Debug|Any CPU
		{125F6D72-0725-46CC-9F31-33725633D8C4}.Release|Any CPU.ActiveCfg = Release|Any CPU
		{125F6D72-0725-46CC-9F31-33725633D8C4}.Release|Any CPU.Build.0 = Release|Any CPU
		{090E3B3E-D4CD-43FA-A94F-68D46C061E81}.Debug|Any CPU.ActiveCfg = Debug|Any CPU
		{090E3B3E-D4CD-43FA-A94F-68D46C061E81}.Debug|Any CPU.Build.0 = Debug|Any CPU
		{090E3B3E-D4CD-43FA-A94F-68D46C061E81}.Release|Any CPU.ActiveCfg = Release|Any CPU
		{090E3B3E-D4CD-43FA-A94F-68D46C061E81}.Release|Any CPU.Build.0 = Release|Any CPU
		{7A3D85BF-2EF5-4552-ADB7-5838C591A593}.Debug|Any CPU.ActiveCfg = Debug|Any CPU
		{7A3D85BF-2EF5-4552-ADB7-5838C591A593}.Debug|Any CPU.Build.0 = Debug|Any CPU
		{7A3D85BF-2EF5-4552-ADB7-5838C591A593}.Release|Any CPU.ActiveCfg = Release|Any CPU
		{7A3D85BF-2EF5-4552-ADB7-5838C591A593}.Release|Any CPU.Build.0 = Release|Any CPU
	EndGlobalSection
	GlobalSection(SolutionProperties) = preSolution
		HideSolutionNode = FALSE
	EndGlobalSection
	GlobalSection(ExtensibilityGlobals) = postSolution
		SolutionGuid = {74BE1AB6-6C59-4F4C-8A7B-951F009491B0}
	EndGlobalSection
EndGlobal
